// !$*UTF8*$!
{
	archiveVersion = 1;
	classes = {
	};
	objectVersion = 51;
	objects = {

/* Begin PBXBuildFile section */
		0D23A294077B3143A13D8494 /* Pods_Parstagram.framework in Frameworks */ = {isa = PBXBuildFile; fileRef = 41D5E04952B47FB00EBCFABE /* Pods_Parstagram.framework */; };
		3646905F260E9A1C00D21C8B /* CommentCell.swift in Sources */ = {isa = PBXBuildFile; fileRef = 3646905E260E9A1C00D21C8B /* CommentCell.swift */; };
		3661526A2605A96F00AD3DE2 /* LoginViewController.swift in Sources */ = {isa = PBXBuildFile; fileRef = 366152692605A96F00AD3DE2 /* LoginViewController.swift */; };
		3661526F2605A97A00AD3DE2 /* FeedViewController.swift in Sources */ = {isa = PBXBuildFile; fileRef = 3661526E2605A97A00AD3DE2 /* FeedViewController.swift */; };
		36615274260653A700AD3DE2 /* CameraViewController.swift in Sources */ = {isa = PBXBuildFile; fileRef = 36615273260653A700AD3DE2 /* CameraViewController.swift */; };
		366C0BD22604623C002B4138 /* AppDelegate.swift in Sources */ = {isa = PBXBuildFile; fileRef = 366C0BD12604623C002B4138 /* AppDelegate.swift */; };
		366C0BD42604623C002B4138 /* SceneDelegate.swift in Sources */ = {isa = PBXBuildFile; fileRef = 366C0BD32604623C002B4138 /* SceneDelegate.swift */; };
		366C0BD92604623C002B4138 /* Main.storyboard in Resources */ = {isa = PBXBuildFile; fileRef = 366C0BD72604623C002B4138 /* Main.storyboard */; };
		366C0BDB2604623D002B4138 /* Assets.xcassets in Resources */ = {isa = PBXBuildFile; fileRef = 366C0BDA2604623D002B4138 /* Assets.xcassets */; };
		366C0BDE2604623D002B4138 /* LaunchScreen.storyboard in Resources */ = {isa = PBXBuildFile; fileRef = 366C0BDC2604623D002B4138 /* LaunchScreen.storyboard */; };
		366C0BE92604623D002B4138 /* ParstagramTests.swift in Sources */ = {isa = PBXBuildFile; fileRef = 366C0BE82604623D002B4138 /* ParstagramTests.swift */; };
		366C0BF42604623D002B4138 /* ParstagramUITests.swift in Sources */ = {isa = PBXBuildFile; fileRef = 366C0BF32604623D002B4138 /* ParstagramUITests.swift */; };
		366C82012606B83B0054EF07 /* PostCell.swift in Sources */ = {isa = PBXBuildFile; fileRef = 366C82002606B83B0054EF07 /* PostCell.swift */; };
		C0C0BDDC23D80C4DCB9006F6 /* Pods_Parstagram_ParstagramUITests.framework in Frameworks */ = {isa = PBXBuildFile; fileRef = 5F3610EFF7C6F2E2784E9FFE /* Pods_Parstagram_ParstagramUITests.framework */; };
		EAEFAF206723A85742B9C6C1 /* Pods_ParstagramTests.framework in Frameworks */ = {isa = PBXBuildFile; fileRef = BB7D98341053B719534B4AB7 /* Pods_ParstagramTests.framework */; };
/* End PBXBuildFile section */

/* Begin PBXContainerItemProxy section */
		366C0BE52604623D002B4138 /* PBXContainerItemProxy */ = {
			isa = PBXContainerItemProxy;
			containerPortal = 366C0BC62604623B002B4138 /* Project object */;
			proxyType = 1;
			remoteGlobalIDString = 366C0BCD2604623C002B4138;
			remoteInfo = Parstagram;
		};
		366C0BF02604623D002B4138 /* PBXContainerItemProxy */ = {
			isa = PBXContainerItemProxy;
			containerPortal = 366C0BC62604623B002B4138 /* Project object */;
			proxyType = 1;
			remoteGlobalIDString = 366C0BCD2604623C002B4138;
			remoteInfo = Parstagram;
		};
/* End PBXContainerItemProxy section */

/* Begin PBXFileReference section */
		213383EBFF9CCD2CE9975705 /* Pods-ParstagramTests.release.xcconfig */ = {isa = PBXFileReference; includeInIndex = 1; lastKnownFileType = text.xcconfig; name = "Pods-ParstagramTests.release.xcconfig"; path = "Target Support Files/Pods-ParstagramTests/Pods-ParstagramTests.release.xcconfig"; sourceTree = "<group>"; };
		3646905E260E9A1C00D21C8B /* CommentCell.swift */ = {isa = PBXFileReference; lastKnownFileType = sourcecode.swift; path = CommentCell.swift; sourceTree = "<group>"; };
		366152692605A96F00AD3DE2 /* LoginViewController.swift */ = {isa = PBXFileReference; lastKnownFileType = sourcecode.swift; path = LoginViewController.swift; sourceTree = "<group>"; };
		3661526E2605A97A00AD3DE2 /* FeedViewController.swift */ = {isa = PBXFileReference; lastKnownFileType = sourcecode.swift; path = FeedViewController.swift; sourceTree = "<group>"; };
		36615273260653A700AD3DE2 /* CameraViewController.swift */ = {isa = PBXFileReference; lastKnownFileType = sourcecode.swift; path = CameraViewController.swift; sourceTree = "<group>"; };
		366C0BCE2604623C002B4138 /* Parstagram.app */ = {isa = PBXFileReference; explicitFileType = wrapper.application; includeInIndex = 0; path = Parstagram.app; sourceTree = BUILT_PRODUCTS_DIR; };
		366C0BD12604623C002B4138 /* AppDelegate.swift */ = {isa = PBXFileReference; lastKnownFileType = sourcecode.swift; path = AppDelegate.swift; sourceTree = "<group>"; };
		366C0BD32604623C002B4138 /* SceneDelegate.swift */ = {isa = PBXFileReference; lastKnownFileType = sourcecode.swift; path = SceneDelegate.swift; sourceTree = "<group>"; };
		366C0BD82604623C002B4138 /* Base */ = {isa = PBXFileReference; lastKnownFileType = file.storyboard; name = Base; path = Base.lproj/Main.storyboard; sourceTree = "<group>"; };
		366C0BDA2604623D002B4138 /* Assets.xcassets */ = {isa = PBXFileReference; lastKnownFileType = folder.assetcatalog; path = Assets.xcassets; sourceTree = "<group>"; };
		366C0BDD2604623D002B4138 /* Base */ = {isa = PBXFileReference; lastKnownFileType = file.storyboard; name = Base; path = Base.lproj/LaunchScreen.storyboard; sourceTree = "<group>"; };
		366C0BDF2604623D002B4138 /* Info.plist */ = {isa = PBXFileReference; lastKnownFileType = text.plist.xml; path = Info.plist; sourceTree = "<group>"; };
		366C0BE42604623D002B4138 /* ParstagramTests.xctest */ = {isa = PBXFileReference; explicitFileType = wrapper.cfbundle; includeInIndex = 0; path = ParstagramTests.xctest; sourceTree = BUILT_PRODUCTS_DIR; };
		366C0BE82604623D002B4138 /* ParstagramTests.swift */ = {isa = PBXFileReference; lastKnownFileType = sourcecode.swift; path = ParstagramTests.swift; sourceTree = "<group>"; };
		366C0BEA2604623D002B4138 /* Info.plist */ = {isa = PBXFileReference; lastKnownFileType = text.plist.xml; path = Info.plist; sourceTree = "<group>"; };
		366C0BEF2604623D002B4138 /* ParstagramUITests.xctest */ = {isa = PBXFileReference; explicitFileType = wrapper.cfbundle; includeInIndex = 0; path = ParstagramUITests.xctest; sourceTree = BUILT_PRODUCTS_DIR; };
		366C0BF32604623D002B4138 /* ParstagramUITests.swift */ = {isa = PBXFileReference; lastKnownFileType = sourcecode.swift; path = ParstagramUITests.swift; sourceTree = "<group>"; };
		366C0BF52604623D002B4138 /* Info.plist */ = {isa = PBXFileReference; lastKnownFileType = text.plist.xml; path = Info.plist; sourceTree = "<group>"; };
		366C82002606B83B0054EF07 /* PostCell.swift */ = {isa = PBXFileReference; lastKnownFileType = sourcecode.swift; path = PostCell.swift; sourceTree = "<group>"; };
		41D5E04952B47FB00EBCFABE /* Pods_Parstagram.framework */ = {isa = PBXFileReference; explicitFileType = wrapper.framework; includeInIndex = 0; path = Pods_Parstagram.framework; sourceTree = BUILT_PRODUCTS_DIR; };
		51BAA69C6FFA528F67BBAF44 /* Pods-Parstagram-ParstagramUITests.release.xcconfig */ = {isa = PBXFileReference; includeInIndex = 1; lastKnownFileType = text.xcconfig; name = "Pods-Parstagram-ParstagramUITests.release.xcconfig"; path = "Target Support Files/Pods-Parstagram-ParstagramUITests/Pods-Parstagram-ParstagramUITests.release.xcconfig"; sourceTree = "<group>"; };
		5F3610EFF7C6F2E2784E9FFE /* Pods_Parstagram_ParstagramUITests.framework */ = {isa = PBXFileReference; explicitFileType = wrapper.framework; includeInIndex = 0; path = Pods_Parstagram_ParstagramUITests.framework; sourceTree = BUILT_PRODUCTS_DIR; };
		BB7D98341053B719534B4AB7 /* Pods_ParstagramTests.framework */ = {isa = PBXFileReference; explicitFileType = wrapper.framework; includeInIndex = 0; path = Pods_ParstagramTests.framework; sourceTree = BUILT_PRODUCTS_DIR; };
		BF04818DBC99EBC0B107B692 /* Pods-Parstagram-ParstagramUITests.debug.xcconfig */ = {isa = PBXFileReference; includeInIndex = 1; lastKnownFileType = text.xcconfig; name = "Pods-Parstagram-ParstagramUITests.debug.xcconfig"; path = "Target Support Files/Pods-Parstagram-ParstagramUITests/Pods-Parstagram-ParstagramUITests.debug.xcconfig"; sourceTree = "<group>"; };
		DAD2B9D540AC197C9B1EA829 /* Pods-ParstagramTests.debug.xcconfig */ = {isa = PBXFileReference; includeInIndex = 1; lastKnownFileType = text.xcconfig; name = "Pods-ParstagramTests.debug.xcconfig"; path = "Target Support Files/Pods-ParstagramTests/Pods-ParstagramTests.debug.xcconfig"; sourceTree = "<group>"; };
		E504C7C7990E2FF9D41B4AE9 /* Pods-Parstagram.release.xcconfig */ = {isa = PBXFileReference; includeInIndex = 1; lastKnownFileType = text.xcconfig; name = "Pods-Parstagram.release.xcconfig"; path = "Target Support Files/Pods-Parstagram/Pods-Parstagram.release.xcconfig"; sourceTree = "<group>"; };
		EFC7ACE79DCEB1DC82C46148 /* Pods-Parstagram.debug.xcconfig */ = {isa = PBXFileReference; includeInIndex = 1; lastKnownFileType = text.xcconfig; name = "Pods-Parstagram.debug.xcconfig"; path = "Target Support Files/Pods-Parstagram/Pods-Parstagram.debug.xcconfig"; sourceTree = "<group>"; };
/* End PBXFileReference section */

/* Begin PBXFrameworksBuildPhase section */
		366C0BCB2604623C002B4138 /* Frameworks */ = {
			isa = PBXFrameworksBuildPhase;
			buildActionMask = 2147483647;
			files = (
				0D23A294077B3143A13D8494 /* Pods_Parstagram.framework in Frameworks */,
			);
			runOnlyForDeploymentPostprocessing = 0;
		};
		366C0BE12604623D002B4138 /* Frameworks */ = {
			isa = PBXFrameworksBuildPhase;
			buildActionMask = 2147483647;
			files = (
				EAEFAF206723A85742B9C6C1 /* Pods_ParstagramTests.framework in Frameworks */,
			);
			runOnlyForDeploymentPostprocessing = 0;
		};
		366C0BEC2604623D002B4138 /* Frameworks */ = {
			isa = PBXFrameworksBuildPhase;
			buildActionMask = 2147483647;
			files = (
				C0C0BDDC23D80C4DCB9006F6 /* Pods_Parstagram_ParstagramUITests.framework in Frameworks */,
			);
			runOnlyForDeploymentPostprocessing = 0;
		};
/* End PBXFrameworksBuildPhase section */

/* Begin PBXGroup section */
		309A76BA9E08840A099D933C /* Pods */ = {
			isa = PBXGroup;
			children = (
				EFC7ACE79DCEB1DC82C46148 /* Pods-Parstagram.debug.xcconfig */,
				E504C7C7990E2FF9D41B4AE9 /* Pods-Parstagram.release.xcconfig */,
				BF04818DBC99EBC0B107B692 /* Pods-Parstagram-ParstagramUITests.debug.xcconfig */,
				51BAA69C6FFA528F67BBAF44 /* Pods-Parstagram-ParstagramUITests.release.xcconfig */,
				DAD2B9D540AC197C9B1EA829 /* Pods-ParstagramTests.debug.xcconfig */,
				213383EBFF9CCD2CE9975705 /* Pods-ParstagramTests.release.xcconfig */,
			);
			path = Pods;
			sourceTree = "<group>";
		};
		366C0BC52604623B002B4138 = {
			isa = PBXGroup;
			children = (
				366C0BD02604623C002B4138 /* Parstagram */,
				366C0BE72604623D002B4138 /* ParstagramTests */,
				366C0BF22604623D002B4138 /* ParstagramUITests */,
				366C0BCF2604623C002B4138 /* Products */,
				309A76BA9E08840A099D933C /* Pods */,
				FF2A9C0F2D1E5384B41AE6E6 /* Frameworks */,
			);
			sourceTree = "<group>";
		};
		366C0BCF2604623C002B4138 /* Products */ = {
			isa = PBXGroup;
			children = (
				366C0BCE2604623C002B4138 /* Parstagram.app */,
				366C0BE42604623D002B4138 /* ParstagramTests.xctest */,
				366C0BEF2604623D002B4138 /* ParstagramUITests.xctest */,
			);
			name = Products;
			sourceTree = "<group>";
		};
		366C0BD02604623C002B4138 /* Parstagram */ = {
			isa = PBXGroup;
			children = (
				366C0BD12604623C002B4138 /* AppDelegate.swift */,
				366C0BD32604623C002B4138 /* SceneDelegate.swift */,
				366C0BD72604623C002B4138 /* Main.storyboard */,
				366C0BDA2604623D002B4138 /* Assets.xcassets */,
				366C0BDC2604623D002B4138 /* LaunchScreen.storyboard */,
				366C0BDF2604623D002B4138 /* Info.plist */,
				366152692605A96F00AD3DE2 /* LoginViewController.swift */,
				3661526E2605A97A00AD3DE2 /* FeedViewController.swift */,
				36615273260653A700AD3DE2 /* CameraViewController.swift */,
				366C82002606B83B0054EF07 /* PostCell.swift */,
				3646905E260E9A1C00D21C8B /* CommentCell.swift */,
			);
			path = Parstagram;
			sourceTree = "<group>";
		};
		366C0BE72604623D002B4138 /* ParstagramTests */ = {
			isa = PBXGroup;
			children = (
				366C0BE82604623D002B4138 /* ParstagramTests.swift */,
				366C0BEA2604623D002B4138 /* Info.plist */,
			);
			path = ParstagramTests;
			sourceTree = "<group>";
		};
		366C0BF22604623D002B4138 /* ParstagramUITests */ = {
			isa = PBXGroup;
			children = (
				366C0BF32604623D002B4138 /* ParstagramUITests.swift */,
				366C0BF52604623D002B4138 /* Info.plist */,
			);
			path = ParstagramUITests;
			sourceTree = "<group>";
		};
		FF2A9C0F2D1E5384B41AE6E6 /* Frameworks */ = {
			isa = PBXGroup;
			children = (
				41D5E04952B47FB00EBCFABE /* Pods_Parstagram.framework */,
				5F3610EFF7C6F2E2784E9FFE /* Pods_Parstagram_ParstagramUITests.framework */,
				BB7D98341053B719534B4AB7 /* Pods_ParstagramTests.framework */,
			);
			name = Frameworks;
			sourceTree = "<group>";
		};
/* End PBXGroup section */

/* Begin PBXNativeTarget section */
		366C0BCD2604623C002B4138 /* Parstagram */ = {
			isa = PBXNativeTarget;
			buildConfigurationList = 366C0BF82604623D002B4138 /* Build configuration list for PBXNativeTarget "Parstagram" */;
			buildPhases = (
				6DDFA96024675A8565EC4D0C /* [CP] Check Pods Manifest.lock */,
				366C0BCA2604623C002B4138 /* Sources */,
				366C0BCB2604623C002B4138 /* Frameworks */,
				366C0BCC2604623C002B4138 /* Resources */,
				93637F8AADA19DD17171F2EC /* [CP] Embed Pods Frameworks */,
			);
			buildRules = (
			);
			dependencies = (
			);
			name = Parstagram;
			productName = Parstagram;
			productReference = 366C0BCE2604623C002B4138 /* Parstagram.app */;
			productType = "com.apple.product-type.application";
		};
		366C0BE32604623D002B4138 /* ParstagramTests */ = {
			isa = PBXNativeTarget;
			buildConfigurationList = 366C0BFB2604623D002B4138 /* Build configuration list for PBXNativeTarget "ParstagramTests" */;
			buildPhases = (
				A299941FE0009A47462CBBB4 /* [CP] Check Pods Manifest.lock */,
				366C0BE02604623D002B4138 /* Sources */,
				366C0BE12604623D002B4138 /* Frameworks */,
				366C0BE22604623D002B4138 /* Resources */,
			);
			buildRules = (
			);
			dependencies = (
				366C0BE62604623D002B4138 /* PBXTargetDependency */,
			);
			name = ParstagramTests;
			productName = ParstagramTests;
			productReference = 366C0BE42604623D002B4138 /* ParstagramTests.xctest */;
			productType = "com.apple.product-type.bundle.unit-test";
		};
		366C0BEE2604623D002B4138 /* ParstagramUITests */ = {
			isa = PBXNativeTarget;
			buildConfigurationList = 366C0BFE2604623D002B4138 /* Build configuration list for PBXNativeTarget "ParstagramUITests" */;
			buildPhases = (
				C7C77291193CEB55C73E5261 /* [CP] Check Pods Manifest.lock */,
				366C0BEB2604623D002B4138 /* Sources */,
				366C0BEC2604623D002B4138 /* Frameworks */,
				366C0BED2604623D002B4138 /* Resources */,
				548114272BCBFBFAA93036F9 /* [CP] Embed Pods Frameworks */,
			);
			buildRules = (
			);
			dependencies = (
				366C0BF12604623D002B4138 /* PBXTargetDependency */,
			);
			name = ParstagramUITests;
			productName = ParstagramUITests;
			productReference = 366C0BEF2604623D002B4138 /* ParstagramUITests.xctest */;
			productType = "com.apple.product-type.bundle.ui-testing";
		};
/* End PBXNativeTarget section */

/* Begin PBXProject section */
		366C0BC62604623B002B4138 /* Project object */ = {
			isa = PBXProject;
			attributes = {
				LastSwiftUpdateCheck = 1240;
				LastUpgradeCheck = 1240;
				TargetAttributes = {
					366C0BCD2604623C002B4138 = {
						CreatedOnToolsVersion = 12.4;
					};
					366C0BE32604623D002B4138 = {
						CreatedOnToolsVersion = 12.4;
						TestTargetID = 366C0BCD2604623C002B4138;
					};
					366C0BEE2604623D002B4138 = {
						CreatedOnToolsVersion = 12.4;
						TestTargetID = 366C0BCD2604623C002B4138;
					};
				};
			};
			buildConfigurationList = 366C0BC92604623B002B4138 /* Build configuration list for PBXProject "Parstagram" */;
			compatibilityVersion = "Xcode 9.3";
			developmentRegion = en;
			hasScannedForEncodings = 0;
			knownRegions = (
				en,
				Base,
			);
			mainGroup = 366C0BC52604623B002B4138;
			productRefGroup = 366C0BCF2604623C002B4138 /* Products */;
			projectDirPath = "";
			projectRoot = "";
			targets = (
				366C0BCD2604623C002B4138 /* Parstagram */,
				366C0BE32604623D002B4138 /* ParstagramTests */,
				366C0BEE2604623D002B4138 /* ParstagramUITests */,
			);
		};
/* End PBXProject section */

/* Begin PBXResourcesBuildPhase section */
		366C0BCC2604623C002B4138 /* Resources */ = {
			isa = PBXResourcesBuildPhase;
			buildActionMask = 2147483647;
			files = (
				366C0BDE2604623D002B4138 /* LaunchScreen.storyboard in Resources */,
				366C0BDB2604623D002B4138 /* Assets.xcassets in Resources */,
				366C0BD92604623C002B4138 /* Main.storyboard in Resources */,
			);
			runOnlyForDeploymentPostprocessing = 0;
		};
		366C0BE22604623D002B4138 /* Resources */ = {
			isa = PBXResourcesBuildPhase;
			buildActionMask = 2147483647;
			files = (
			);
			runOnlyForDeploymentPostprocessing = 0;
		};
		366C0BED2604623D002B4138 /* Resources */ = {
			isa = PBXResourcesBuildPhase;
			buildActionMask = 2147483647;
			files = (
			);
			runOnlyForDeploymentPostprocessing = 0;
		};
/* End PBXResourcesBuildPhase section */

/* Begin PBXShellScriptBuildPhase section */
		548114272BCBFBFAA93036F9 /* [CP] Embed Pods Frameworks */ = {
			isa = PBXShellScriptBuildPhase;
			buildActionMask = 2147483647;
			files = (
			);
			inputFileListPaths = (
				"${PODS_ROOT}/Target Support Files/Pods-Parstagram-ParstagramUITests/Pods-Parstagram-ParstagramUITests-frameworks-${CONFIGURATION}-input-files.xcfilelist",
			);
			name = "[CP] Embed Pods Frameworks";
			outputFileListPaths = (
				"${PODS_ROOT}/Target Support Files/Pods-Parstagram-ParstagramUITests/Pods-Parstagram-ParstagramUITests-frameworks-${CONFIGURATION}-output-files.xcfilelist",
			);
			runOnlyForDeploymentPostprocessing = 0;
			shellPath = /bin/sh;
			shellScript = "\"${PODS_ROOT}/Target Support Files/Pods-Parstagram-ParstagramUITests/Pods-Parstagram-ParstagramUITests-frameworks.sh\"\n";
			showEnvVarsInLog = 0;
		};
		6DDFA96024675A8565EC4D0C /* [CP] Check Pods Manifest.lock */ = {
			isa = PBXShellScriptBuildPhase;
			buildActionMask = 2147483647;
			files = (
			);
			inputFileListPaths = (
			);
			inputPaths = (
				"${PODS_PODFILE_DIR_PATH}/Podfile.lock",
				"${PODS_ROOT}/Manifest.lock",
			);
			name = "[CP] Check Pods Manifest.lock";
			outputFileListPaths = (
			);
			outputPaths = (
				"$(DERIVED_FILE_DIR)/Pods-Parstagram-checkManifestLockResult.txt",
			);
			runOnlyForDeploymentPostprocessing = 0;
			shellPath = /bin/sh;
			shellScript = "diff \"${PODS_PODFILE_DIR_PATH}/Podfile.lock\" \"${PODS_ROOT}/Manifest.lock\" > /dev/null\nif [ $? != 0 ] ; then\n    # print error to STDERR\n    echo \"error: The sandbox is not in sync with the Podfile.lock. Run 'pod install' or update your CocoaPods installation.\" >&2\n    exit 1\nfi\n# This output is used by Xcode 'outputs' to avoid re-running this script phase.\necho \"SUCCESS\" > \"${SCRIPT_OUTPUT_FILE_0}\"\n";
			showEnvVarsInLog = 0;
		};
		93637F8AADA19DD17171F2EC /* [CP] Embed Pods Frameworks */ = {
			isa = PBXShellScriptBuildPhase;
			buildActionMask = 2147483647;
			files = (
			);
			inputFileListPaths = (
				"${PODS_ROOT}/Target Support Files/Pods-Parstagram/Pods-Parstagram-frameworks-${CONFIGURATION}-input-files.xcfilelist",
			);
			name = "[CP] Embed Pods Frameworks";
			outputFileListPaths = (
				"${PODS_ROOT}/Target Support Files/Pods-Parstagram/Pods-Parstagram-frameworks-${CONFIGURATION}-output-files.xcfilelist",
			);
			runOnlyForDeploymentPostprocessing = 0;
			shellPath = /bin/sh;
			shellScript = "\"${PODS_ROOT}/Target Support Files/Pods-Parstagram/Pods-Parstagram-frameworks.sh\"\n";
			showEnvVarsInLog = 0;
		};
		A299941FE0009A47462CBBB4 /* [CP] Check Pods Manifest.lock */ = {
			isa = PBXShellScriptBuildPhase;
			buildActionMask = 2147483647;
			files = (
			);
			inputFileListPaths = (
			);
			inputPaths = (
				"${PODS_PODFILE_DIR_PATH}/Podfile.lock",
				"${PODS_ROOT}/Manifest.lock",
			);
			name = "[CP] Check Pods Manifest.lock";
			outputFileListPaths = (
			);
			outputPaths = (
				"$(DERIVED_FILE_DIR)/Pods-ParstagramTests-checkManifestLockResult.txt",
			);
			runOnlyForDeploymentPostprocessing = 0;
			shellPath = /bin/sh;
			shellScript = "diff \"${PODS_PODFILE_DIR_PATH}/Podfile.lock\" \"${PODS_ROOT}/Manifest.lock\" > /dev/null\nif [ $? != 0 ] ; then\n    # print error to STDERR\n    echo \"error: The sandbox is not in sync with the Podfile.lock. Run 'pod install' or update your CocoaPods installation.\" >&2\n    exit 1\nfi\n# This output is used by Xcode 'outputs' to avoid re-running this script phase.\necho \"SUCCESS\" > \"${SCRIPT_OUTPUT_FILE_0}\"\n";
			showEnvVarsInLog = 0;
		};
		C7C77291193CEB55C73E5261 /* [CP] Check Pods Manifest.lock */ = {
			isa = PBXShellScriptBuildPhase;
			buildActionMask = 2147483647;
			files = (
			);
			inputFileListPaths = (
			);
			inputPaths = (
				"${PODS_PODFILE_DIR_PATH}/Podfile.lock",
				"${PODS_ROOT}/Manifest.lock",
			);
			name = "[CP] Check Pods Manifest.lock";
			outputFileListPaths = (
			);
			outputPaths = (
				"$(DERIVED_FILE_DIR)/Pods-Parstagram-ParstagramUITests-checkManifestLockResult.txt",
			);
			runOnlyForDeploymentPostprocessing = 0;
			shellPath = /bin/sh;
			shellScript = "diff \"${PODS_PODFILE_DIR_PATH}/Podfile.lock\" \"${PODS_ROOT}/Manifest.lock\" > /dev/null\nif [ $? != 0 ] ; then\n    # print error to STDERR\n    echo \"error: The sandbox is not in sync with the Podfile.lock. Run 'pod install' or update your CocoaPods installation.\" >&2\n    exit 1\nfi\n# This output is used by Xcode 'outputs' to avoid re-running this script phase.\necho \"SUCCESS\" > \"${SCRIPT_OUTPUT_FILE_0}\"\n";
			showEnvVarsInLog = 0;
		};
/* End PBXShellScriptBuildPhase section */

/* Begin PBXSourcesBuildPhase section */
		366C0BCA2604623C002B4138 /* Sources */ = {
			isa = PBXSourcesBuildPhase;
			buildActionMask = 2147483647;
			files = (
				3661526A2605A96F00AD3DE2 /* LoginViewController.swift in Sources */,
				36615274260653A700AD3DE2 /* CameraViewController.swift in Sources */,
				366C0BD22604623C002B4138 /* AppDelegate.swift in Sources */,
				3661526F2605A97A00AD3DE2 /* FeedViewController.swift in Sources */,
				366C0BD42604623C002B4138 /* SceneDelegate.swift in Sources */,
				366C82012606B83B0054EF07 /* PostCell.swift in Sources */,
				3646905F260E9A1C00D21C8B /* CommentCell.swift in Sources */,
			);
			runOnlyForDeploymentPostprocessing = 0;
		};
		366C0BE02604623D002B4138 /* Sources */ = {
			isa = PBXSourcesBuildPhase;
			buildActionMask = 2147483647;
			files = (
				366C0BE92604623D002B4138 /* ParstagramTests.swift in Sources */,
			);
			runOnlyForDeploymentPostprocessing = 0;
		};
		366C0BEB2604623D002B4138 /* Sources */ = {
			isa = PBXSourcesBuildPhase;
			buildActionMask = 2147483647;
			files = (
				366C0BF42604623D002B4138 /* ParstagramUITests.swift in Sources */,
			);
			runOnlyForDeploymentPostprocessing = 0;
		};
/* End PBXSourcesBuildPhase section */

/* Begin PBXTargetDependency section */
		366C0BE62604623D002B4138 /* PBXTargetDependency */ = {
			isa = PBXTargetDependency;
			target = 366C0BCD2604623C002B4138 /* Parstagram */;
			targetProxy = 366C0BE52604623D002B4138 /* PBXContainerItemProxy */;
		};
		366C0BF12604623D002B4138 /* PBXTargetDependency */ = {
			isa = PBXTargetDependency;
			target = 366C0BCD2604623C002B4138 /* Parstagram */;
			targetProxy = 366C0BF02604623D002B4138 /* PBXContainerItemProxy */;
		};
/* End PBXTargetDependency section */

/* Begin PBXVariantGroup section */
		366C0BD72604623C002B4138 /* Main.storyboard */ = {
			isa = PBXVariantGroup;
			children = (
				366C0BD82604623C002B4138 /* Base */,
			);
			name = Main.storyboard;
			sourceTree = "<group>";
		};
		366C0BDC2604623D002B4138 /* LaunchScreen.storyboard */ = {
			isa = PBXVariantGroup;
			children = (
				366C0BDD2604623D002B4138 /* Base */,
			);
			name = LaunchScreen.storyboard;
			sourceTree = "<group>";
		};
/* End PBXVariantGroup section */

/* Begin XCBuildConfiguration section */
		366C0BF62604623D002B4138 /* Debug */ = {
			isa = XCBuildConfiguration;
			buildSettings = {
				ALWAYS_SEARCH_USER_PATHS = NO;
				CLANG_ANALYZER_NONNULL = YES;
				CLANG_ANALYZER_NUMBER_OBJECT_CONVERSION = YES_AGGRESSIVE;
				CLANG_CXX_LANGUAGE_STANDARD = "gnu++14";
				CLANG_CXX_LIBRARY = "libc++";
				CLANG_ENABLE_MODULES = YES;
				CLANG_ENABLE_OBJC_ARC = YES;
				CLANG_ENABLE_OBJC_WEAK = YES;
				CLANG_WARN_BLOCK_CAPTURE_AUTORELEASING = YES;
				CLANG_WARN_BOOL_CONVERSION = YES;
				CLANG_WARN_COMMA = YES;
				CLANG_WARN_CONSTANT_CONVERSION = YES;
				CLANG_WARN_DEPRECATED_OBJC_IMPLEMENTATIONS = YES;
				CLANG_WARN_DIRECT_OBJC_ISA_USAGE = YES_ERROR;
				CLANG_WARN_DOCUMENTATION_COMMENTS = YES;
				CLANG_WARN_EMPTY_BODY = YES;
				CLANG_WARN_ENUM_CONVERSION = YES;
				CLANG_WARN_INFINITE_RECURSION = YES;
				CLANG_WARN_INT_CONVERSION = YES;
				CLANG_WARN_NON_LITERAL_NULL_CONVERSION = YES;
				CLANG_WARN_OBJC_IMPLICIT_RETAIN_SELF = YES;
				CLANG_WARN_OBJC_LITERAL_CONVERSION = YES;
				CLANG_WARN_OBJC_ROOT_CLASS = YES_ERROR;
				CLANG_WARN_QUOTED_INCLUDE_IN_FRAMEWORK_HEADER = YES;
				CLANG_WARN_RANGE_LOOP_ANALYSIS = YES;
				CLANG_WARN_STRICT_PROTOTYPES = YES;
				CLANG_WARN_SUSPICIOUS_MOVE = YES;
				CLANG_WARN_UNGUARDED_AVAILABILITY = YES_AGGRESSIVE;
				CLANG_WARN_UNREACHABLE_CODE = YES;
				CLANG_WARN__DUPLICATE_METHOD_MATCH = YES;
				COPY_PHASE_STRIP = NO;
				DEBUG_INFORMATION_FORMAT = dwarf;
				ENABLE_STRICT_OBJC_MSGSEND = YES;
				ENABLE_TESTABILITY = YES;
				GCC_C_LANGUAGE_STANDARD = gnu11;
				GCC_DYNAMIC_NO_PIC = NO;
				GCC_NO_COMMON_BLOCKS = YES;
				GCC_OPTIMIZATION_LEVEL = 0;
				GCC_PREPROCESSOR_DEFINITIONS = (
					"DEBUG=1",
					"$(inherited)",
				);
				GCC_WARN_64_TO_32_BIT_CONVERSION = YES;
				GCC_WARN_ABOUT_RETURN_TYPE = YES_ERROR;
				GCC_WARN_UNDECLARED_SELECTOR = YES;
				GCC_WARN_UNINITIALIZED_AUTOS = YES_AGGRESSIVE;
				GCC_WARN_UNUSED_FUNCTION = YES;
				GCC_WARN_UNUSED_VARIABLE = YES;
				IPHONEOS_DEPLOYMENT_TARGET = 14.4;
				MTL_ENABLE_DEBUG_INFO = INCLUDE_SOURCE;
				MTL_FAST_MATH = YES;
				ONLY_ACTIVE_ARCH = YES;
				SDKROOT = iphoneos;
				SWIFT_ACTIVE_COMPILATION_CONDITIONS = DEBUG;
				SWIFT_OPTIMIZATION_LEVEL = "-Onone";
			};
			name = Debug;
		};
		366C0BF72604623D002B4138 /* Release */ = {
			isa = XCBuildConfiguration;
			buildSettings = {
				ALWAYS_SEARCH_USER_PATHS = NO;
				CLANG_ANALYZER_NONNULL = YES;
				CLANG_ANALYZER_NUMBER_OBJECT_CONVERSION = YES_AGGRESSIVE;
				CLANG_CXX_LANGUAGE_STANDARD = "gnu++14";
				CLANG_CXX_LIBRARY = "libc++";
				CLANG_ENABLE_MODULES = YES;
				CLANG_ENABLE_OBJC_ARC = YES;
				CLANG_ENABLE_OBJC_WEAK = YES;
				CLANG_WARN_BLOCK_CAPTURE_AUTORELEASING = YES;
				CLANG_WARN_BOOL_CONVERSION = YES;
				CLANG_WARN_COMMA = YES;
				CLANG_WARN_CONSTANT_CONVERSION = YES;
				CLANG_WARN_DEPRECATED_OBJC_IMPLEMENTATIONS = YES;
				CLANG_WARN_DIRECT_OBJC_ISA_USAGE = YES_ERROR;
				CLANG_WARN_DOCUMENTATION_COMMENTS = YES;
				CLANG_WARN_EMPTY_BODY = YES;
				CLANG_WARN_ENUM_CONVERSION = YES;
				CLANG_WARN_INFINITE_RECURSION = YES;
				CLANG_WARN_INT_CONVERSION = YES;
				CLANG_WARN_NON_LITERAL_NULL_CONVERSION = YES;
				CLANG_WARN_OBJC_IMPLICIT_RETAIN_SELF = YES;
				CLANG_WARN_OBJC_LITERAL_CONVERSION = YES;
				CLANG_WARN_OBJC_ROOT_CLASS = YES_ERROR;
				CLANG_WARN_QUOTED_INCLUDE_IN_FRAMEWORK_HEADER = YES;
				CLANG_WARN_RANGE_LOOP_ANALYSIS = YES;
				CLANG_WARN_STRICT_PROTOTYPES = YES;
				CLANG_WARN_SUSPICIOUS_MOVE = YES;
				CLANG_WARN_UNGUARDED_AVAILABILITY = YES_AGGRESSIVE;
				CLANG_WARN_UNREACHABLE_CODE = YES;
				CLANG_WARN__DUPLICATE_METHOD_MATCH = YES;
				COPY_PHASE_STRIP = NO;
				DEBUG_INFORMATION_FORMAT = "dwarf-with-dsym";
				ENABLE_NS_ASSERTIONS = NO;
				ENABLE_STRICT_OBJC_MSGSEND = YES;
				GCC_C_LANGUAGE_STANDARD = gnu11;
				GCC_NO_COMMON_BLOCKS = YES;
				GCC_WARN_64_TO_32_BIT_CONVERSION = YES;
				GCC_WARN_ABOUT_RETURN_TYPE = YES_ERROR;
				GCC_WARN_UNDECLARED_SELECTOR = YES;
				GCC_WARN_UNINITIALIZED_AUTOS = YES_AGGRESSIVE;
				GCC_WARN_UNUSED_FUNCTION = YES;
				GCC_WARN_UNUSED_VARIABLE = YES;
				IPHONEOS_DEPLOYMENT_TARGET = 14.4;
				MTL_ENABLE_DEBUG_INFO = NO;
				MTL_FAST_MATH = YES;
				SDKROOT = iphoneos;
				SWIFT_COMPILATION_MODE = wholemodule;
				SWIFT_OPTIMIZATION_LEVEL = "-O";
				VALIDATE_PRODUCT = YES;
			};
			name = Release;
		};
		366C0BF92604623D002B4138 /* Debug */ = {
			isa = XCBuildConfiguration;
			baseConfigurationReference = EFC7ACE79DCEB1DC82C46148 /* Pods-Parstagram.debug.xcconfig */;
			buildSettings = {
				ASSETCATALOG_COMPILER_APPICON_NAME = AppIcon;
				ASSETCATALOG_COMPILER_GLOBAL_ACCENT_COLOR_NAME = AccentColor;
				CODE_SIGN_STYLE = Automatic;
				INFOPLIST_FILE = Parstagram/Info.plist;
				LD_RUNPATH_SEARCH_PATHS = (
					"$(inherited)",
					"@executable_path/Frameworks",
				);
				PRODUCT_BUNDLE_IDENTIFIER = self.Parstagram;
				PRODUCT_NAME = "$(TARGET_NAME)";
				SWIFT_VERSION = 5.0;
				TARGETED_DEVICE_FAMILY = "1,2";
			};
			name = Debug;
		};
		366C0BFA2604623D002B4138 /* Release */ = {
			isa = XCBuildConfiguration;
			baseConfigurationReference = E504C7C7990E2FF9D41B4AE9 /* Pods-Parstagram.release.xcconfig */;
			buildSettings = {
				ASSETCATALOG_COMPILER_APPICON_NAME = AppIcon;
				ASSETCATALOG_COMPILER_GLOBAL_ACCENT_COLOR_NAME = AccentColor;
				CODE_SIGN_STYLE = Automatic;
				INFOPLIST_FILE = Parstagram/Info.plist;
				LD_RUNPATH_SEARCH_PATHS = (
					"$(inherited)",
					"@executable_path/Frameworks",
				);
				PRODUCT_BUNDLE_IDENTIFIER = self.Parstagram;
				PRODUCT_NAME = "$(TARGET_NAME)";
				SWIFT_VERSION = 5.0;
				TARGETED_DEVICE_FAMILY = "1,2";
			};
			name = Release;
		};
		366C0BFC2604623D002B4138 /* Debug */ = {
			isa = XCBuildConfiguration;
			baseConfigurationReference = DAD2B9D540AC197C9B1EA829 /* Pods-ParstagramTests.debug.xcconfig */;
			buildSettings = {
				ALWAYS_EMBED_SWIFT_STANDARD_LIBRARIES = YES;
				BUNDLE_LOADER = "$(TEST_HOST)";
				CODE_SIGN_STYLE = Automatic;
				INFOPLIST_FILE = ParstagramTests/Info.plist;
				IPHONEOS_DEPLOYMENT_TARGET = 14.4;
				LD_RUNPATH_SEARCH_PATHS = (
					"$(inherited)",
					"@executable_path/Frameworks",
					"@loader_path/Frameworks",
				);
				PRODUCT_BUNDLE_IDENTIFIER = self.ParstagramTests;
				PRODUCT_NAME = "$(TARGET_NAME)";
				SWIFT_VERSION = 5.0;
				TARGETED_DEVICE_FAMILY = "1,2";
				TEST_HOST = "$(BUILT_PRODUCTS_DIR)/Parstagram.app/Parstagram";
			};
			name = Debug;
		};
		366C0BFD2604623D002B4138 /* Release */ = {
			isa = XCBuildConfiguration;
			baseConfigurationReference = 213383EBFF9CCD2CE9975705 /* Pods-ParstagramTests.release.xcconfig */;
			buildSettings = {
				ALWAYS_EMBED_SWIFT_STANDARD_LIBRARIES = YES;
				BUNDLE_LOADER = "$(TEST_HOST)";
				CODE_SIGN_STYLE = Automatic;
				INFOPLIST_FILE = ParstagramTests/Info.plist;
				IPHONEOS_DEPLOYMENT_TARGET = 14.4;
				LD_RUNPATH_SEARCH_PATHS = (
					"$(inherited)",
					"@executable_path/Frameworks",
					"@loader_path/Frameworks",
				);
				PRODUCT_BUNDLE_IDENTIFIER = self.ParstagramTests;
				PRODUCT_NAME = "$(TARGET_NAME)";
				SWIFT_VERSION = 5.0;
				TARGETED_DEVICE_FAMILY = "1,2";
				TEST_HOST = "$(BUILT_PRODUCTS_DIR)/Parstagram.app/Parstagram";
			};
			name = Release;
		};
		366C0BFF2604623D002B4138 /* Debug */ = {
			isa = XCBuildConfiguration;
			baseConfigurationReference = BF04818DBC99EBC0B107B692 /* Pods-Parstagram-ParstagramUITests.debug.xcconfig */;
			buildSettings = {
				ALWAYS_EMBED_SWIFT_STANDARD_LIBRARIES = YES;
				CODE_SIGN_STYLE = Automatic;
				INFOPLIST_FILE = ParstagramUITests/Info.plist;
				LD_RUNPATH_SEARCH_PATHS = (
					"$(inherited)",
					"@executable_path/Frameworks",
					"@loader_path/Frameworks",
				);
				PRODUCT_BUNDLE_IDENTIFIER = self.ParstagramUITests;
				PRODUCT_NAME = "$(TARGET_NAME)";
				SWIFT_VERSION = 5.0;
				TARGETED_DEVICE_FAMILY = "1,2";
				TEST_TARGET_NAME = Parstagram;
			};
			name = Debug;
		};
		366C0C002604623D002B4138 /* Release */ = {
			isa = XCBuildConfiguration;
			baseConfigurationReference = 51BAA69C6FFA528F67BBAF44 /* Pods-Parstagram-ParstagramUITests.release.xcconfig */;
			buildSettings = {
				ALWAYS_EMBED_SWIFT_STANDARD_LIBRARIES = YES;
				CODE_SIGN_STYLE = Automatic;
				INFOPLIST_FILE = ParstagramUITests/Info.plist;
				LD_RUNPATH_SEARCH_PATHS = (
					"$(inherited)",
					"@executable_path/Frameworks",
					"@loader_path/Frameworks",
				);
				PRODUCT_BUNDLE_IDENTIFIER = self.ParstagramUITests;
				PRODUCT_NAME = "$(TARGET_NAME)";
				SWIFT_VERSION = 5.0;
				TARGETED_DEVICE_FAMILY = "1,2";
				TEST_TARGET_NAME = Parstagram;
			};
			name = Release;
		};
/* End XCBuildConfiguration section */

/* Begin XCConfigurationList section */
		366C0BC92604623B002B4138 /* Build configuration list for PBXProject "Parstagram" */ = {
			isa = XCConfigurationList;
			buildConfigurations = (
				366C0BF62604623D002B4138 /* Debug */,
				366C0BF72604623D002B4138 /* Release */,
			);
			defaultConfigurationIsVisible = 0;
			defaultConfigurationName = Release;
		};
		366C0BF82604623D002B4138 /* Build configuration list for PBXNativeTarget "Parstagram" */ = {
			isa = XCConfigurationList;
			buildConfigurations = (
				366C0BF92604623D002B4138 /* Debug */,
				366C0BFA2604623D002B4138 /* Release */,
			);
			defaultConfigurationIsVisible = 0;
			defaultConfigurationName = Release;
		};
		366C0BFB2604623D002B4138 /* Build configuration list for PBXNativeTarget "ParstagramTests" */ = {
			isa = XCConfigurationList;
			buildConfigurations = (
				366C0BFC2604623D002B4138 /* Debug */,
				366C0BFD2604623D002B4138 /* Release */,
			);
			defaultConfigurationIsVisible = 0;
			defaultConfigurationName = Release;
		};
		366C0BFE2604623D002B4138 /* Build configuration list for PBXNativeTarget "ParstagramUITests" */ = {
			isa = XCConfigurationList;
			buildConfigurations = (
				366C0BFF2604623D002B4138 /* Debug */,
				366C0C002604623D002B4138 /* Release */,
			);
			defaultConfigurationIsVisible = 0;
			defaultConfigurationName = Release;
		};
/* End XCConfigurationList section */
	};
	rootObject = 366C0BC62604623B002B4138 /* Project object */;
}
